
Microsoft Visual Studio Solution File, Format Version 12.00
# Visual Studio Version 17
VisualStudioVersion = 17.5.002.0
MinimumVisualStudioVersion = 10.0.40219.1
Project("{9A19103F-16F7-4668-BE54-9A1E7A4F7556}") = "firstgame", "firstgame\firstgame.csproj", "{CFFD87DE-2980-4F2C-9A7C-96CB19F1D6C9}"
EndProject
Global
	GlobalSection(SolutionConfigurationPlatforms) = preSolution
		Debug|Any CPU = Debug|Any CPU
		Release|Any CPU = Release|Any CPU
	EndGlobalSection
	GlobalSection(ProjectConfigurationPlatforms) = postSolution
		{CFFD87DE-2980-4F2C-9A7C-96CB19F1D6C9}.Debug|Any CPU.ActiveCfg = Debug|Any CPU
		{CFFD87DE-2980-4F2C-9A7C-96CB19F1D6C9}.Debug|Any CPU.Build.0 = Debug|Any CPU
		{CFFD87DE-2980-4F2C-9A7C-96CB19F1D6C9}.Release|Any CPU.ActiveCfg = Release|Any CPU
		{CFFD87DE-2980-4F2C-9A7C-96CB19F1D6C9}.Release|Any CPU.Build.0 = Release|Any CPU
	EndGlobalSection
	GlobalSection(SolutionProperties) = preSolution
		HideSolutionNode = FALSE
	EndGlobalSection
	GlobalSection(ExtensibilityGlobals) = postSolution
		SolutionGuid = {61C13C3E-B0CE-403D-895B-766C0DB6665D}
	EndGlobalSection
EndGlobal
